
Microsoft Visual Studio Solution File, Format Version 12.00
# Visual Studio Version 17
VisualStudioVersion = 17.8.34525.116
MinimumVisualStudioVersion = 10.0.40219.1
Project("{FAE04EC0-301F-11D3-BF4B-00C04F79EFBC}") = "ConsoleApp5", "ConsoleApp5\ConsoleApp5.csproj", "{222E2A03-3400-4D7B-9C5E-1E06F73B8CE7}"
EndProject
Project("{2150E333-8FDC-42A3-9474-1A3956D46DE8}") = "Solution Items", "Solution Items", "{00E8AB3A-0095-4244-AFD7-6F8C75C8E2B3}"
	ProjectSection(SolutionItems) = preProject
		.editorconfig = .editorconfig
	EndProjectSection
EndProject
Global
	GlobalSection(SolutionConfigurationPlatforms) = preSolution
		Debug|Any CPU = Debug|Any CPU
		Release|Any CPU = Release|Any CPU
	EndGlobalSection
	GlobalSection(ProjectConfigurationPlatforms) = postSolution
		{222E2A03-3400-4D7B-9C5E-1E06F73B8CE7}.Debug|Any CPU.ActiveCfg = Debug|Any CPU
		{222E2A03-3400-4D7B-9C5E-1E06F73B8CE7}.Debug|Any CPU.Build.0 = Debug|Any CPU
		{222E2A03-3400-4D7B-9C5E-1E06F73B8CE7}.Release|Any CPU.ActiveCfg = Release|Any CPU
		{222E2A03-3400-4D7B-9C5E-1E06F73B8CE7}.Release|Any CPU.Build.0 = Release|Any CPU
	EndGlobalSection
	GlobalSection(SolutionProperties) = preSolution
		HideSolutionNode = FALSE
	EndGlobalSection
	GlobalSection(ExtensibilityGlobals) = postSolution
		SolutionGuid = {B68A5A3C-EB25-4FF5-A630-5811EBED0F87}
	EndGlobalSection
EndGlobal
